
Microsoft Visual Studio Solution File, Format Version 12.00
# Visual Studio Version 17
Project("{2150E333-8FDC-42A3-9474-1A3956D46DE8}") = "CMakePredefinedTargets", "CMakePredefinedTargets", "{60C776B4-088C-3658-B828-AA16C2EFD427}"
EndProject
Project("{2150E333-8FDC-42A3-9474-1A3956D46DE8}") = "math", "math", "{85A1336A-F1CF-360C-B33E-BA9D490C4CB8}"
EndProject
Project("{8BC9CEB8-8B4A-11D0-8D11-00A0C91BC942}") = "ALL_BUILD", "ALL_BUILD.vcxproj", "{C2F12A96-CD9E-3C10-B9FD-4D03416E8534}"
	ProjectSection(ProjectDependencies) = postProject
		{4E5BBA22-8E4E-3BF9-B1CA-2F729815CCFE} = {4E5BBA22-8E4E-3BF9-B1CA-2F729815CCFE}
		{B447948A-2CF2-3269-AD51-D860D84BB842} = {B447948A-2CF2-3269-AD51-D860D84BB842}
	EndProjectSection
EndProject
Project("{8BC9CEB8-8B4A-11D0-8D11-00A0C91BC942}") = "ZERO_CHECK", "..\..\..\\ZERO_CHECK.vcxproj", "{4E5BBA22-8E4E-3BF9-B1CA-2F729815CCFE}"
	ProjectSection(ProjectDependencies) = postProject
	EndProjectSection
EndProject
Project("{8BC9CEB8-8B4A-11D0-8D11-00A0C91BC942}") = "persistent_homology", "persistent_homology.vcxproj", "{B447948A-2CF2-3269-AD51-D860D84BB842}"
	ProjectSection(ProjectDependencies) = postProject
		{4E5BBA22-8E4E-3BF9-B1CA-2F729815CCFE} = {4E5BBA22-8E4E-3BF9-B1CA-2F729815CCFE}
	EndProjectSection
EndProject
Global
	GlobalSection(SolutionConfigurationPlatforms) = preSolution
		Debug|x64 = Debug|x64
		Release|x64 = Release|x64
		MinSizeRel|x64 = MinSizeRel|x64
		RelWithDebInfo|x64 = RelWithDebInfo|x64
	EndGlobalSection
	GlobalSection(ProjectConfigurationPlatforms) = postSolution
		{C2F12A96-CD9E-3C10-B9FD-4D03416E8534}.Debug|x64.ActiveCfg = Debug|x64
		{C2F12A96-CD9E-3C10-B9FD-4D03416E8534}.Release|x64.ActiveCfg = Release|x64
		{C2F12A96-CD9E-3C10-B9FD-4D03416E8534}.MinSizeRel|x64.ActiveCfg = MinSizeRel|x64
		{C2F12A96-CD9E-3C10-B9FD-4D03416E8534}.RelWithDebInfo|x64.ActiveCfg = RelWithDebInfo|x64
		{4E5BBA22-8E4E-3BF9-B1CA-2F729815CCFE}.Debug|x64.ActiveCfg = Debug|x64
		{4E5BBA22-8E4E-3BF9-B1CA-2F729815CCFE}.Debug|x64.Build.0 = Debug|x64
		{4E5BBA22-8E4E-3BF9-B1CA-2F729815CCFE}.Release|x64.ActiveCfg = Release|x64
		{4E5BBA22-8E4E-3BF9-B1CA-2F729815CCFE}.Release|x64.Build.0 = Release|x64
		{4E5BBA22-8E4E-3BF9-B1CA-2F729815CCFE}.MinSizeRel|x64.ActiveCfg = MinSizeRel|x64
		{4E5BBA22-8E4E-3BF9-B1CA-2F729815CCFE}.MinSizeRel|x64.Build.0 = MinSizeRel|x64
		{4E5BBA22-8E4E-3BF9-B1CA-2F729815CCFE}.RelWithDebInfo|x64.ActiveCfg = RelWithDebInfo|x64
		{4E5BBA22-8E4E-3BF9-B1CA-2F729815CCFE}.RelWithDebInfo|x64.Build.0 = RelWithDebInfo|x64
		{B447948A-2CF2-3269-AD51-D860D84BB842}.Debug|x64.ActiveCfg = Debug|x64
		{B447948A-2CF2-3269-AD51-D860D84BB842}.Debug|x64.Build.0 = Debug|x64
		{B447948A-2CF2-3269-AD51-D860D84BB842}.Release|x64.ActiveCfg = Release|x64
		{B447948A-2CF2-3269-AD51-D860D84BB842}.Release|x64.Build.0 = Release|x64
		{B447948A-2CF2-3269-AD51-D860D84BB842}.MinSizeRel|x64.ActiveCfg = MinSizeRel|x64
		{B447948A-2CF2-3269-AD51-D860D84BB842}.MinSizeRel|x64.Build.0 = MinSizeRel|x64
		{B447948A-2CF2-3269-AD51-D860D84BB842}.RelWithDebInfo|x64.ActiveCfg = RelWithDebInfo|x64
		{B447948A-2CF2-3269-AD51-D860D84BB842}.RelWithDebInfo|x64.Build.0 = RelWithDebInfo|x64
	EndGlobalSection
	GlobalSection(NestedProjects) = preSolution
		{C2F12A96-CD9E-3C10-B9FD-4D03416E8534} = {60C776B4-088C-3658-B828-AA16C2EFD427}
		{4E5BBA22-8E4E-3BF9-B1CA-2F729815CCFE} = {60C776B4-088C-3658-B828-AA16C2EFD427}
		{B447948A-2CF2-3269-AD51-D860D84BB842} = {85A1336A-F1CF-360C-B33E-BA9D490C4CB8}
	EndGlobalSection
	GlobalSection(ExtensibilityGlobals) = postSolution
		SolutionGuid = {40802865-8786-3C27-8804-5A349089D263}
	EndGlobalSection
	GlobalSection(ExtensibilityAddIns) = postSolution
	EndGlobalSection
EndGlobal
